# This file is autogenerated, do not edit; changes may be undone by the next 'dep ensure'.


[[projects]]
  branch = "master"
  digest = "1:430bedea63b911b1b1d42f828a1084acd65a928140233c75ae12b8d48d14f31d"
  name = "github.com/Sirupsen/logrus"
  packages = ["."]
  pruneopts = ""
  revision = "659e47340eafb203ad3c2ce461023fde46356615"

[[projects]]
  branch = "master"
  digest = "1:887c06d3cb1410fab3f35f9ba358cd9ad2096709d4a9d00147df378acd19abf8"
  name = "github.com/bitrise-core/bitrise-init"
  packages = [
    "models",
    "scanner",
    "scanners",
    "scanners/android",
    "scanners/cordova",
    "scanners/fastlane",
    "scanners/flutter",
    "scanners/ionic",
    "scanners/ios",
    "scanners/macos",
    "scanners/reactnative",
    "scanners/reactnative-expo",
    "scanners/xamarin",
    "steps",
    "utility",
  ]
  pruneopts = ""
  revision = "fb4e212ce2a8610ab023b17951cd35569894f7af"

[[projects]]
  branch = "master"
  digest = "1:827b295be2918253efb9aa140e8f6e5e64e1b84cbef114a1f25c23434174484d"
  name = "github.com/bitrise-io/bitrise"
  packages = ["models"]
  pruneopts = ""
  revision = "4d715d8dbfeb0459ee1f74060f36073e14522406"

[[projects]]
  branch = "master"
  digest = "1:aad9e0eeac37ffe5409673ca6d1160fca6786408cf904fba456b888bee6dba42"
  name = "github.com/bitrise-io/envman"
  packages = ["models"]
  pruneopts = ""
  revision = "41ea1b6f422eabd86189caf7da0c633208ba4760"

[[projects]]
  branch = "master"
  digest = "1:6083fc4e90fe661aad326c42fa16fb85774cb55711560d1208c82ff290534836"
  name = "github.com/bitrise-io/go-utils"
  packages = [
    "colorstring",
    "command",
    "command/git",
    "command/rubyscript",
    "errorutil",
    "fileutil",
    "log",
    "parseutil",
    "pathutil",
    "pointers",
    "sliceutil",
  ]
  pruneopts = ""
  revision = "2a09aab8380d7842750328aebd5671bcccea89c8"

[[projects]]
  branch = "master"
  digest = "1:6825c56bedbe125a302e7516f731fa841ce9db05f873dbc5745ee807a8c3d3a2"
  name = "github.com/bitrise-io/goinp"
  packages = ["goinp"]
  pruneopts = ""
  revision = "f451b19ba4d087d8272d411ad91af5f4218fd517"

[[projects]]
  branch = "master"
  digest = "1:d5755753303235de52ed9ec42f9ec0fa6d1021e205e69794975390cc3d50bbad"
  name = "github.com/bitrise-io/stepman"
  packages = ["models"]
  pruneopts = ""
  revision = "076579c0004ea94d98322d3df5d5d21b47412b1c"

[[projects]]
  branch = "master"
  digest = "1:3dece49a95897b517c2e7fd103a32e5126fb548b635aa91745d31be3a3a96586"
  name = "github.com/bitrise-tools/go-xcode"
  packages = [
    "plistutil",
    "xcodeproj",
  ]
  pruneopts = ""
  revision = "b278b67ed298829932d08fbe05e7590bca753bdf"

[[projects]]
  branch = "master"
  digest = "1:dd751fbca8284308b408714a38c386895e6f8dc59309360fd6363fc94e143e78"
  name = "github.com/bitrise-tools/xcode-project"
  packages = [
    "serialized",
    "xcodebuild",
    "xcodeproj",
    "xcscheme",
    "xcworkspace",
  ]
  pruneopts = ""
  revision = "489a630c4fa828115a6265700eb61c3839aad9a7"

[[projects]]
  digest = "1:0deddd908b6b4b768cfc272c16ee61e7088a60f7fe2f06c547bd3d8e1f8b8e77"
  name = "github.com/davecgh/go-spew"
  packages = ["spew"]
  pruneopts = ""
  revision = "8991bc29aa16c548c550c7ff78260e27b9ab7c73"
  version = "v1.1.1"

[[projects]]
  digest = "1:6a874e3ddfb9db2b42bd8c85b6875407c702fa868eed20634ff489bc896ccfd3"
  name = "github.com/konsorten/go-windows-terminal-sequences"
  packages = ["."]
  pruneopts = ""
  revision = "5c8c8bd35d3832f5d134ae1e1e375b69a4d25242"
  version = "v1.0.1"

[[projects]]
  digest = "1:1d7e1867c49a6dd9856598ef7c3123604ea3daabf5b83f303ff457bcbc410b1d"
  name = "github.com/pkg/errors"
  packages = ["."]
  pruneopts = ""
  revision = "ba968bfe8b2f7e042a574c888954fccecfa385b4"
  version = "v0.8.1"

[[projects]]
  digest = "1:256484dbbcd271f9ecebc6795b2df8cad4c458dd0f5fd82a8c2fa0c29f233411"
  name = "github.com/pmezard/go-difflib"
  packages = ["difflib"]
  pruneopts = ""
  revision = "792786c7400a136282c1664665ae0a8db921c6c2"
  version = "v1.0.0"

[[projects]]
  branch = "master"
  digest = "1:98891c206223fa262569ea196faad59d2c169de675e74796030524eea327ed7d"
  name = "github.com/ryanuber/go-glob"
  packages = ["."]
  pruneopts = ""
  revision = "256dc444b735e061061cf46c809487313d5b0065"

[[projects]]
  branch = "master"
  digest = "1:a7cd8604f0b92d5a43f723b6f13b6650cf2f6be5e40235a7c4f3cc5951f657bd"
  name = "github.com/stretchr/testify"
  packages = [
    "assert",
    "require",
  ]
  pruneopts = ""
  revision = "363ebb24d041ccea8068222281c2e963e997b9dc"

[[projects]]
  branch = "master"
  digest = "1:438d5957cf1c26ca62975dc4b1b59242acc9e527f39ed3f6cda57ee6d3653daf"
  name = "github.com/urfave/cli"
  packages = ["."]
  pruneopts = ""
  revision = "b67dcf995b6a7b7f14fad5fcb7cc5441b05e814b"

[[projects]]
  branch = "master"
  digest = "1:59b49c47c11a48f1054529207f65907c014ecf5f9a7c0d9c0f1616dec7b062ed"
  name = "golang.org/x/crypto"
  packages = ["ssh/terminal"]
  pruneopts = ""
  revision = "ff983b9c42bc9fbf91556e191cc8efb585c16908"

[[projects]]
  branch = "master"
  digest = "1:851d398c9d0b45a3d8496ad6f50d690dd1df7918a309acd23956d73f1ac9adb4"
  name = "golang.org/x/sys"
  packages = [
    "unix",
    "windows",
  ]
  pruneopts = ""
  revision = "770c60269bf0ef965e9e7ac8bedcb6bca2a1cefd"

[[projects]]
  branch = "v2"
  digest = "1:cedccf16b71e86db87a24f8d4c70b0a855872eb967cb906a66b95de56aefbd0d"
  name = "gopkg.in/yaml.v2"
  packages = ["."]
  pruneopts = ""
  revision = "51d6538a90f86fe93ac480b35f37b2be17fef232"

[[projects]]
  branch = "master"
  digest = "1:e43acd1190dde7223727f1f8aeac537156d33bf87776d5637e672e1c6b354be4"
  name = "howett.net/plist"
  packages = ["."]
  pruneopts = ""
  revision = "591f970eefbbeb04d7b37f334a0c4c3256e32876"

[solve-meta]
  analyzer-name = "dep"
  analyzer-version = 1
  input-imports = [
    "github.com/Sirupsen/logrus",
    "github.com/bitrise-core/bitrise-init/scanner",
    "github.com/bitrise-core/bitrise-init/scanners",
    "github.com/bitrise-io/bitrise/models",
    "github.com/bitrise-io/envman/models",
    "github.com/bitrise-io/go-utils/command/git",
    "github.com/bitrise-io/go-utils/fileutil",
    "github.com/bitrise-io/go-utils/pathutil",
    "github.com/stretchr/testify/require",
    "github.com/urfave/cli",
    "gopkg.in/yaml.v2",
  ]
  solver-name = "gps-cdcl"
  solver-version = 1
