# This file is autogenerated, do not edit; changes may be undone by the next 'dep ensure'.


[[projects]]
  branch = "master"
  digest = "1:78e80602d71837c404478f9fc6ff0a10e354b990261a5c8f05eccc6ed347614d"
  name = "github.com/Sirupsen/logrus"
  packages = ["."]
  pruneopts = "UT"
  revision = "d7b6bf5e4d26448fd977d07d745a2a66097ddecb"

[[projects]]
  branch = "master"
  digest = "1:3d070a9f6bc767f4f4059c41a1d9d6b796dc4b1297913b4b9f6d38dc89b095b9"
  name = "github.com/bitrise-core/bitrise-init"
  packages = [
    "models",
    "scanner",
    "scanners",
    "scanners/android",
    "scanners/cordova",
    "scanners/fastlane",
    "scanners/flutter",
    "scanners/ionic",
    "scanners/ios",
    "scanners/macos",
    "scanners/reactnative",
    "scanners/reactnative-expo",
    "scanners/xamarin",
    "steps",
    "toolscanner",
    "utility",
  ]
  pruneopts = "UT"
  revision = "d6aa6f1cda28db0d09861f8d36794f4ad00b885c"

[[projects]]
  branch = "master"
  digest = "1:5b3fc7bd36888debbfd67478cc09b0e4874b547cc5c53bbd25a6d35447de06ba"
  name = "github.com/bitrise-io/bitrise"
  packages = ["models"]
  pruneopts = "UT"
  revision = "7477fcfd646c9f961575e38c2de6bf0da94276aa"

[[projects]]
  branch = "master"
  digest = "1:0bdbc9f9b2bbc084d3bb353d8e94d53ee0495f9d434baaddb5e0f07fb88c966a"
  name = "github.com/bitrise-io/envman"
  packages = ["models"]
  pruneopts = "UT"
  revision = "41ea1b6f422eabd86189caf7da0c633208ba4760"

[[projects]]
  branch = "master"
  digest = "1:6ff15f23762c225970c8624e1ef1b6a8861aa5d1ef4f10702ea158bf24d3ce4a"
  name = "github.com/bitrise-io/go-utils"
  packages = [
    "colorstring",
    "command",
    "command/git",
    "command/rubyscript",
    "errorutil",
    "fileutil",
    "log",
    "parseutil",
    "pathutil",
    "pointers",
    "sliceutil",
  ]
  pruneopts = "UT"
  revision = "2a09aab8380d7842750328aebd5671bcccea89c8"

[[projects]]
  branch = "master"
  digest = "1:f9749f95e34724e0bfb71a3bf0fa00e0e303d42f1de172bf134f013fa1e9dbb7"
  name = "github.com/bitrise-io/goinp"
  packages = ["goinp"]
  pruneopts = "UT"
  revision = "f451b19ba4d087d8272d411ad91af5f4218fd517"

[[projects]]
  branch = "master"
  digest = "1:34e5041861da39ff37f982c3cdfd46c0b0b46836d136151e895be7bf8fb50d86"
  name = "github.com/bitrise-io/stepman"
  packages = ["models"]
  pruneopts = "UT"
  revision = "e7385e0f946cc7c1bb347b04fe7c2eb92e7b799d"

[[projects]]
  branch = "master"
  digest = "1:fd63ae4d0b8c60e868266de6575ac33ba5c4ca8705267a35b2824590f24c9a47"
  name = "github.com/bitrise-tools/go-xcode"
  packages = [
    "plistutil",
    "xcodeproj",
  ]
  pruneopts = "UT"
  revision = "8e44ecb550c0cadef602edda92e5c10476dd5daa"

[[projects]]
  branch = "master"
  digest = "1:f5d050443803354466260c17b1cc500558364967419d09b3b77e0c79c64c9d34"
  name = "github.com/bitrise-tools/xcode-project"
  packages = [
    "serialized",
    "xcodebuild",
    "xcodeproj",
    "xcscheme",
    "xcworkspace",
  ]
  pruneopts = "UT"
  revision = "476ea7a82b2ef7c77d0d41445afc94bdb1cda04d"

[[projects]]
  digest = "1:ffe9824d294da03b391f44e1ae8281281b4afc1bdaa9588c9097785e3af10cec"
  name = "github.com/davecgh/go-spew"
  packages = ["spew"]
  pruneopts = "UT"
  revision = "8991bc29aa16c548c550c7ff78260e27b9ab7c73"
  version = "v1.1.1"

[[projects]]
  digest = "1:0a69a1c0db3591fcefb47f115b224592c8dfa4368b7ba9fae509d5e16cdc95c8"
  name = "github.com/konsorten/go-windows-terminal-sequences"
  packages = ["."]
  pruneopts = "UT"
  revision = "5c8c8bd35d3832f5d134ae1e1e375b69a4d25242"
  version = "v1.0.1"

[[projects]]
  digest = "1:cf31692c14422fa27c83a05292eb5cbe0fb2775972e8f1f8446a71549bd8980b"
  name = "github.com/pkg/errors"
  packages = ["."]
  pruneopts = "UT"
  revision = "ba968bfe8b2f7e042a574c888954fccecfa385b4"
  version = "v0.8.1"

[[projects]]
  digest = "1:0028cb19b2e4c3112225cd871870f2d9cf49b9b4276531f03438a88e94be86fe"
  name = "github.com/pmezard/go-difflib"
  packages = ["difflib"]
  pruneopts = "UT"
  revision = "792786c7400a136282c1664665ae0a8db921c6c2"
  version = "v1.0.0"

[[projects]]
  branch = "master"
  digest = "1:6baa565fe16f8657cf93469b2b8a6c61a277827734400d27e44d589547297279"
  name = "github.com/ryanuber/go-glob"
  packages = ["."]
  pruneopts = "UT"
  revision = "51a8f68e6c24dc43f1e371749c89a267de4ebc53"

[[projects]]
  branch = "master"
  digest = "1:68171d9755228ac0c35c40989e1a7945fb1b63495dbbcb4bb80795e6ea3beb15"
  name = "github.com/stretchr/testify"
  packages = [
    "assert",
    "require",
  ]
  pruneopts = "UT"
  revision = "21cb1c2932a2d04c6792d5ad106243c6e36a3a7d"

[[projects]]
  branch = "master"
  digest = "1:8286f653bf8b8fd155a0c9c3b9ee3dbc2a95b1b51f7a1dc11fe2c66018454a0c"
  name = "github.com/urfave/cli"
  packages = ["."]
  pruneopts = "UT"
  revision = "693af58b4d51b8fcc7f9d89576da170765980581"

[[projects]]
  branch = "master"
  digest = "1:fde12c4da6237363bf36b81b59aa36a43d28061167ec4acb0d41fc49464e28b9"
  name = "golang.org/x/crypto"
  packages = ["ssh/terminal"]
  pruneopts = "UT"
  revision = "b01c7a72566457eb1420261cdafef86638fc3861"

[[projects]]
  branch = "master"
  digest = "1:7941e2f16c0833b438cbef7fccfe4f8346f9f7876b42b29717a75d7e8c4800cb"
  name = "golang.org/x/sys"
  packages = [
    "unix",
    "windows",
  ]
  pruneopts = "UT"
  revision = "aca44879d5644da7c5b8ec6a1115e9b6ea6c40d9"

[[projects]]
  branch = "v2"
  digest = "1:4d2e5a73dc1500038e504a8d78b986630e3626dc027bc030ba5c75da257cdb96"
  name = "gopkg.in/yaml.v2"
  packages = ["."]
  pruneopts = "UT"
  revision = "51d6538a90f86fe93ac480b35f37b2be17fef232"

[[projects]]
  branch = "master"
  digest = "1:c10265d5a71326618d37e97169eddb3582f78e8ac7dcf87403b4cf619efd519a"
  name = "howett.net/plist"
  packages = ["."]
  pruneopts = "UT"
  revision = "591f970eefbbeb04d7b37f334a0c4c3256e32876"

[solve-meta]
  analyzer-name = "dep"
  analyzer-version = 1
  input-imports = [
    "github.com/Sirupsen/logrus",
    "github.com/bitrise-core/bitrise-init/scanner",
    "github.com/bitrise-core/bitrise-init/scanners",
    "github.com/bitrise-io/bitrise/models",
    "github.com/bitrise-io/envman/models",
    "github.com/bitrise-io/go-utils/command/git",
    "github.com/bitrise-io/go-utils/fileutil",
    "github.com/bitrise-io/go-utils/pathutil",
    "github.com/stretchr/testify/require",
    "github.com/urfave/cli",
    "gopkg.in/yaml.v2",
  ]
  solver-name = "gps-cdcl"
  solver-version = 1
